
Microsoft Visual Studio Solution File, Format Version 12.00
# Visual Studio Version 16
VisualStudioVersion = 16.0.28803.202
MinimumVisualStudioVersion = 10.0.40219.1
Project("{FAE04EC0-301F-11D3-BF4B-00C04F79EFBC}") = "masyunyaForms", "masyunyaForms\masyunyaForms.csproj", "{C8AF8234-ECC4-42AE-BB33-3F782B1EC582}"
EndProject
Project("{FAE04EC0-301F-11D3-BF4B-00C04F79EFBC}") = "MasyunyaFormsTests", "MasyunyaFormsTests\MasyunyaFormsTests.csproj", "{73678B40-EC02-4B7B-B553-B7EEBA5FF0DA}"
EndProject
Global
	GlobalSection(SolutionConfigurationPlatforms) = preSolution
		Debug|Any CPU = Debug|Any CPU
		Release|Any CPU = Release|Any CPU
	EndGlobalSection
	GlobalSection(ProjectConfigurationPlatforms) = postSolution
		{C8AF8234-ECC4-42AE-BB33-3F782B1EC582}.Debug|Any CPU.ActiveCfg = Debug|Any CPU
		{C8AF8234-ECC4-42AE-BB33-3F782B1EC582}.Debug|Any CPU.Build.0 = Debug|Any CPU
		{C8AF8234-ECC4-42AE-BB33-3F782B1EC582}.Release|Any CPU.ActiveCfg = Release|Any CPU
		{C8AF8234-ECC4-42AE-BB33-3F782B1EC582}.Release|Any CPU.Build.0 = Release|Any CPU
		{73678B40-EC02-4B7B-B553-B7EEBA5FF0DA}.Debug|Any CPU.ActiveCfg = Debug|Any CPU
		{73678B40-EC02-4B7B-B553-B7EEBA5FF0DA}.Debug|Any CPU.Build.0 = Debug|Any CPU
		{73678B40-EC02-4B7B-B553-B7EEBA5FF0DA}.Release|Any CPU.ActiveCfg = Release|Any CPU
		{73678B40-EC02-4B7B-B553-B7EEBA5FF0DA}.Release|Any CPU.Build.0 = Release|Any CPU
	EndGlobalSection
	GlobalSection(SolutionProperties) = preSolution
		HideSolutionNode = FALSE
	EndGlobalSection
	GlobalSection(ExtensibilityGlobals) = postSolution
		SolutionGuid = {03FB45CB-16E1-4B09-95A1-A6D9144EF550}
	EndGlobalSection
EndGlobal
